
Microsoft Visual Studio Solution File, Format Version 12.00
# Visual Studio Version 16
VisualStudioVersion = 16.0.31129.286
MinimumVisualStudioVersion = 10.0.40219.1
Project("{FAE04EC0-301F-11D3-BF4B-00C04F79EFBC}") = "WebApplication4", "WebApplication4.csproj", "{6B847709-B385-40A7-92E1-64A7DA9770D9}"
EndProject
Project("{FAE04EC0-301F-11D3-BF4B-00C04F79EFBC}") = "ShoppingDataAccess", "..\ShoppingDataAccess\ShoppingDataAccess.csproj", "{BE5B5F0E-DA36-43D2-AB33-378AA2014B78}"
EndProject
Project("{FAE04EC0-301F-11D3-BF4B-00C04F79EFBC}") = "MvcApp2", "..\MvcApp2\MvcApp2.csproj", "{5096B309-3D41-4CCF-927D-D81A51F5E187}"
EndProject
Global
	GlobalSection(SolutionConfigurationPlatforms) = preSolution
		Debug|Any CPU = Debug|Any CPU
		Release|Any CPU = Release|Any CPU
	EndGlobalSection
	GlobalSection(ProjectConfigurationPlatforms) = postSolution
		{6B847709-B385-40A7-92E1-64A7DA9770D9}.Debug|Any CPU.ActiveCfg = Debug|Any CPU
		{6B847709-B385-40A7-92E1-64A7DA9770D9}.Debug|Any CPU.Build.0 = Debug|Any CPU
		{6B847709-B385-40A7-92E1-64A7DA9770D9}.Release|Any CPU.ActiveCfg = Release|Any CPU
		{6B847709-B385-40A7-92E1-64A7DA9770D9}.Release|Any CPU.Build.0 = Release|Any CPU
		{BE5B5F0E-DA36-43D2-AB33-378AA2014B78}.Debug|Any CPU.ActiveCfg = Debug|Any CPU
		{BE5B5F0E-DA36-43D2-AB33-378AA2014B78}.Debug|Any CPU.Build.0 = Debug|Any CPU
		{BE5B5F0E-DA36-43D2-AB33-378AA2014B78}.Release|Any CPU.ActiveCfg = Release|Any CPU
		{BE5B5F0E-DA36-43D2-AB33-378AA2014B78}.Release|Any CPU.Build.0 = Release|Any CPU
		{5096B309-3D41-4CCF-927D-D81A51F5E187}.Debug|Any CPU.ActiveCfg = Debug|Any CPU
		{5096B309-3D41-4CCF-927D-D81A51F5E187}.Debug|Any CPU.Build.0 = Debug|Any CPU
		{5096B309-3D41-4CCF-927D-D81A51F5E187}.Release|Any CPU.ActiveCfg = Release|Any CPU
		{5096B309-3D41-4CCF-927D-D81A51F5E187}.Release|Any CPU.Build.0 = Release|Any CPU
	EndGlobalSection
	GlobalSection(SolutionProperties) = preSolution
		HideSolutionNode = FALSE
	EndGlobalSection
	GlobalSection(ExtensibilityGlobals) = postSolution
		SolutionGuid = {C1488FEE-1A34-442D-A001-CF16CF9DDC1E}
	EndGlobalSection
EndGlobal
